// !$*UTF8*$!
{
	archiveVersion = 1;
	classes = {
	};
	objectVersion = 50;
	objects = {

/* Begin PBXBuildFile section */
		BDEBED582327DAAA00C7B016 /* AppDelegate.swift in Sources */ = {isa = PBXBuildFile; fileRef = BDEBED572327DAAA00C7B016 /* AppDelegate.swift */; };
		BDEBED5A2327DAAA00C7B016 /* MasterViewController.swift in Sources */ = {isa = PBXBuildFile; fileRef = BDEBED592327DAAA00C7B016 /* MasterViewController.swift */; };
		BDEBED5F2327DAAA00C7B016 /* Main.storyboard in Resources */ = {isa = PBXBuildFile; fileRef = BDEBED5D2327DAAA00C7B016 /* Main.storyboard */; };
		BDEBED612327DAAC00C7B016 /* Assets.xcassets in Resources */ = {isa = PBXBuildFile; fileRef = BDEBED602327DAAC00C7B016 /* Assets.xcassets */; };
		BDEBED642327DAAC00C7B016 /* LaunchScreen.storyboard in Resources */ = {isa = PBXBuildFile; fileRef = BDEBED622327DAAC00C7B016 /* LaunchScreen.storyboard */; };
		BDEBED6C2327DEC800C7B016 /* ImageNamesColors.swift in Sources */ = {isa = PBXBuildFile; fileRef = BDEBED6B2327DEC800C7B016 /* ImageNamesColors.swift */; };
		BDEBED6E2327EDE500C7B016 /* ImagePresentationViewController.swift in Sources */ = {isa = PBXBuildFile; fileRef = BDEBED6D2327EDE500C7B016 /* ImagePresentationViewController.swift */; };
/* End PBXBuildFile section */

/* Begin PBXFileReference section */
		BDEBED542327DAAA00C7B016 /* splitter.app */ = {isa = PBXFileReference; explicitFileType = wrapper.application; includeInIndex = 0; path = splitter.app; sourceTree = BUILT_PRODUCTS_DIR; };
		BDEBED572327DAAA00C7B016 /* AppDelegate.swift */ = {isa = PBXFileReference; lastKnownFileType = sourcecode.swift; path = AppDelegate.swift; sourceTree = "<group>"; };
		BDEBED592327DAAA00C7B016 /* MasterViewController.swift */ = {isa = PBXFileReference; lastKnownFileType = sourcecode.swift; path = MasterViewController.swift; sourceTree = "<group>"; };
		BDEBED5E2327DAAA00C7B016 /* Base */ = {isa = PBXFileReference; lastKnownFileType = file.storyboard; name = Base; path = Base.lproj/Main.storyboard; sourceTree = "<group>"; };
		BDEBED602327DAAC00C7B016 /* Assets.xcassets */ = {isa = PBXFileReference; lastKnownFileType = folder.assetcatalog; path = Assets.xcassets; sourceTree = "<group>"; };
		BDEBED632327DAAC00C7B016 /* Base */ = {isa = PBXFileReference; lastKnownFileType = file.storyboard; name = Base; path = Base.lproj/LaunchScreen.storyboard; sourceTree = "<group>"; };
		BDEBED652327DAAC00C7B016 /* Info.plist */ = {isa = PBXFileReference; lastKnownFileType = text.plist.xml; path = Info.plist; sourceTree = "<group>"; };
		BDEBED6B2327DEC800C7B016 /* ImageNamesColors.swift */ = {isa = PBXFileReference; lastKnownFileType = sourcecode.swift; path = ImageNamesColors.swift; sourceTree = "<group>"; };
		BDEBED6D2327EDE500C7B016 /* ImagePresentationViewController.swift */ = {isa = PBXFileReference; lastKnownFileType = sourcecode.swift; path = ImagePresentationViewController.swift; sourceTree = "<group>"; };
/* End PBXFileReference section */

/* Begin PBXFrameworksBuildPhase section */
		BDEBED512327DAAA00C7B016 /* Frameworks */ = {
			isa = PBXFrameworksBuildPhase;
			buildActionMask = 2147483647;
			files = (
			);
			runOnlyForDeploymentPostprocessing = 0;
		};
/* End PBXFrameworksBuildPhase section */

/* Begin PBXGroup section */
		BDEBED4B2327DAAA00C7B016 = {
			isa = PBXGroup;
			children = (
				BDEBED562327DAAA00C7B016 /* splitter */,
				BDEBED552327DAAA00C7B016 /* Products */,
			);
			sourceTree = "<group>";
		};
		BDEBED552327DAAA00C7B016 /* Products */ = {
			isa = PBXGroup;
			children = (
				BDEBED542327DAAA00C7B016 /* splitter.app */,
			);
			name = Products;
			sourceTree = "<group>";
		};
		BDEBED562327DAAA00C7B016 /* splitter */ = {
			isa = PBXGroup;
			children = (
				BDEBED572327DAAA00C7B016 /* AppDelegate.swift */,
				BDEBED592327DAAA00C7B016 /* MasterViewController.swift */,
				BDEBED5D2327DAAA00C7B016 /* Main.storyboard */,
				BDEBED602327DAAC00C7B016 /* Assets.xcassets */,
				BDEBED622327DAAC00C7B016 /* LaunchScreen.storyboard */,
				BDEBED652327DAAC00C7B016 /* Info.plist */,
				BDEBED6B2327DEC800C7B016 /* ImageNamesColors.swift */,
				BDEBED6D2327EDE500C7B016 /* ImagePresentationViewController.swift */,
			);
			path = splitter;
			sourceTree = "<group>";
		};
/* End PBXGroup section */

/* Begin PBXNativeTarget section */
		BDEBED532327DAAA00C7B016 /* splitter */ = {
			isa = PBXNativeTarget;
			buildConfigurationList = BDEBED682327DAAC00C7B016 /* Build configuration list for PBXNativeTarget "splitter" */;
			buildPhases = (
				BDEBED502327DAAA00C7B016 /* Sources */,
				BDEBED512327DAAA00C7B016 /* Frameworks */,
				BDEBED522327DAAA00C7B016 /* Resources */,
			);
			buildRules = (
			);
			dependencies = (
			);
			name = splitter;
			productName = splitter;
			productReference = BDEBED542327DAAA00C7B016 /* splitter.app */;
			productType = "com.apple.product-type.application";
		};
/* End PBXNativeTarget section */

/* Begin PBXProject section */
		BDEBED4C2327DAAA00C7B016 /* Project object */ = {
			isa = PBXProject;
			attributes = {
				LastSwiftUpdateCheck = 1030;
				LastUpgradeCheck = 1030;
				ORGANIZATIONNAME = Nahid;
				TargetAttributes = {
					BDEBED532327DAAA00C7B016 = {
						CreatedOnToolsVersion = 10.3;
					};
				};
			};
			buildConfigurationList = BDEBED4F2327DAAA00C7B016 /* Build configuration list for PBXProject "splitter" */;
			compatibilityVersion = "Xcode 9.3";
			developmentRegion = en;
			hasScannedForEncodings = 0;
			knownRegions = (
				en,
				Base,
			);
			mainGroup = BDEBED4B2327DAAA00C7B016;
			productRefGroup = BDEBED552327DAAA00C7B016 /* Products */;
			projectDirPath = "";
			projectRoot = "";
			targets = (
				BDEBED532327DAAA00C7B016 /* splitter */,
			);
		};
/* End PBXProject section */

/* Begin PBXResourcesBuildPhase section */
		BDEBED522327DAAA00C7B016 /* Resources */ = {
			isa = PBXResourcesBuildPhase;
			buildActionMask = 2147483647;
			files = (
				BDEBED642327DAAC00C7B016 /* LaunchScreen.storyboard in Resources */,
				BDEBED612327DAAC00C7B016 /* Assets.xcassets in Resources */,
				BDEBED5F2327DAAA00C7B016 /* Main.storyboard in Resources */,
			);
			runOnlyForDeploymentPostprocessing = 0;
		};
/* End PBXResourcesBuildPhase section */

/* Begin PBXSourcesBuildPhase section */
		BDEBED502327DAAA00C7B016 /* Sources */ = {
			isa = PBXSourcesBuildPhase;
			buildActionMask = 2147483647;
			files = (
				BDEBED5A2327DAAA00C7B016 /* MasterViewController.swift in Sources */,
				BDEBED6C2327DEC800C7B016 /* ImageNamesColors.swift in Sources */,
				BDEBED6E2327EDE500C7B016 /* ImagePresentationViewController.swift in Sources */,
				BDEBED582327DAAA00C7B016 /* AppDelegate.swift in Sources */,
			);
			runOnlyForDeploymentPostprocessing = 0;
		};
/* End PBXSourcesBuildPhase section */

/* Begin PBXVariantGroup section */
		BDEBED5D2327DAAA00C7B016 /* Main.storyboard */ = {
			isa = PBXVariantGroup;
			children = (
				BDEBED5E2327DAAA00C7B016 /* Base */,
			);
			name = Main.storyboard;
			sourceTree = "<group>";
		};
		BDEBED622327DAAC00C7B016 /* LaunchScreen.storyboard */ = {
			isa = PBXVariantGroup;
			children = (
				BDEBED632327DAAC00C7B016 /* Base */,
			);
			name = LaunchScreen.storyboard;
			sourceTree = "<group>";
		};
/* End PBXVariantGroup section */

/* Begin XCBuildConfiguration section */
		BDEBED662327DAAC00C7B016 /* Debug */ = {
			isa = XCBuildConfiguration;
			buildSettings = {
				ALWAYS_SEARCH_USER_PATHS = NO;
				CLANG_ANALYZER_NONNULL = YES;
				CLANG_ANALYZER_NUMBER_OBJECT_CONVERSION = YES_AGGRESSIVE;
				CLANG_CXX_LANGUAGE_STANDARD = "gnu++14";
				CLANG_CXX_LIBRARY = "libc++";
				CLANG_ENABLE_MODULES = YES;
				CLANG_ENABLE_OBJC_ARC = YES;
				CLANG_ENABLE_OBJC_WEAK = YES;
				CLANG_WARN_BLOCK_CAPTURE_AUTORELEASING = YES;
				CLANG_WARN_BOOL_CONVERSION = YES;
				CLANG_WARN_COMMA = YES;
				CLANG_WARN_CONSTANT_CONVERSION = YES;
				CLANG_WARN_DEPRECATED_OBJC_IMPLEMENTATIONS = YES;
				CLANG_WARN_DIRECT_OBJC_ISA_USAGE = YES_ERROR;
				CLANG_WARN_DOCUMENTATION_COMMENTS = YES;
				CLANG_WARN_EMPTY_BODY = YES;
				CLANG_WARN_ENUM_CONVERSION = YES;
				CLANG_WARN_INFINITE_RECURSION = YES;
				CLANG_WARN_INT_CONVERSION = YES;
				CLANG_WARN_NON_LITERAL_NULL_CONVERSION = YES;
				CLANG_WARN_OBJC_IMPLICIT_RETAIN_SELF = YES;
				CLANG_WARN_OBJC_LITERAL_CONVERSION = YES;
				CLANG_WARN_OBJC_ROOT_CLASS = YES_ERROR;
				CLANG_WARN_RANGE_LOOP_ANALYSIS = YES;
				CLANG_WARN_STRICT_PROTOTYPES = YES;
				CLANG_WARN_SUSPICIOUS_MOVE = YES;
				CLANG_WARN_UNGUARDED_AVAILABILITY = YES_AGGRESSIVE;
				CLANG_WARN_UNREACHABLE_CODE = YES;
				CLANG_WARN__DUPLICATE_METHOD_MATCH = YES;
				CODE_SIGN_IDENTITY = "iPhone Developer";
				COPY_PHASE_STRIP = NO;
				DEBUG_INFORMATION_FORMAT = dwarf;
				ENABLE_STRICT_OBJC_MSGSEND = YES;
				ENABLE_TESTABILITY = YES;
				GCC_C_LANGUAGE_STANDARD = gnu11;
				GCC_DYNAMIC_NO_PIC = NO;
				GCC_NO_COMMON_BLOCKS = YES;
				GCC_OPTIMIZATION_LEVEL = 0;
				GCC_PREPROCESSOR_DEFINITIONS = (
					"DEBUG=1",
					"$(inherited)",
				);
				GCC_WARN_64_TO_32_BIT_CONVERSION = YES;
				GCC_WARN_ABOUT_RETURN_TYPE = YES_ERROR;
				GCC_WARN_UNDECLARED_SELECTOR = YES;
				GCC_WARN_UNINITIALIZED_AUTOS = YES_AGGRESSIVE;
				GCC_WARN_UNUSED_FUNCTION = YES;
				GCC_WARN_UNUSED_VARIABLE = YES;
				IPHONEOS_DEPLOYMENT_TARGET = 12.4;
				MTL_ENABLE_DEBUG_INFO = INCLUDE_SOURCE;
				MTL_FAST_MATH = YES;
				ONLY_ACTIVE_ARCH = YES;
				SDKROOT = iphoneos;
				SWIFT_ACTIVE_COMPILATION_CONDITIONS = DEBUG;
				SWIFT_OPTIMIZATION_LEVEL = "-Onone";
			};
			name = Debug;
		};
		BDEBED672327DAAC00C7B016 /* Release */ = {
			isa = XCBuildConfiguration;
			buildSettings = {
				ALWAYS_SEARCH_USER_PATHS = NO;
				CLANG_ANALYZER_NONNULL = YES;
				CLANG_ANALYZER_NUMBER_OBJECT_CONVERSION = YES_AGGRESSIVE;
				CLANG_CXX_LANGUAGE_STANDARD = "gnu++14";
				CLANG_CXX_LIBRARY = "libc++";
				CLANG_ENABLE_MODULES = YES;
				CLANG_ENABLE_OBJC_ARC = YES;
				CLANG_ENABLE_OBJC_WEAK = YES;
				CLANG_WARN_BLOCK_CAPTURE_AUTORELEASING = YES;
				CLANG_WARN_BOOL_CONVERSION = YES;
				CLANG_WARN_COMMA = YES;
				CLANG_WARN_CONSTANT_CONVERSION = YES;
				CLANG_WARN_DEPRECATED_OBJC_IMPLEMENTATIONS = YES;
				CLANG_WARN_DIRECT_OBJC_ISA_USAGE = YES_ERROR;
				CLANG_WARN_DOCUMENTATION_COMMENTS = YES;
				CLANG_WARN_EMPTY_BODY = YES;
				CLANG_WARN_ENUM_CONVERSION = YES;
				CLANG_WARN_INFINITE_RECURSION = YES;
				CLANG_WARN_INT_CONVERSION = YES;
				CLANG_WARN_NON_LITERAL_NULL_CONVERSION = YES;
				CLANG_WARN_OBJC_IMPLICIT_RETAIN_SELF = YES;
				CLANG_WARN_OBJC_LITERAL_CONVERSION = YES;
				CLANG_WARN_OBJC_ROOT_CLASS = YES_ERROR;
				CLANG_WARN_RANGE_LOOP_ANALYSIS = YES;
				CLANG_WARN_STRICT_PROTOTYPES = YES;
				CLANG_WARN_SUSPICIOUS_MOVE = YES;
				CLANG_WARN_UNGUARDED_AVAILABILITY = YES_AGGRESSIVE;
				CLANG_WARN_UNREACHABLE_CODE = YES;
				CLANG_WARN__DUPLICATE_METHOD_MATCH = YES;
				CODE_SIGN_IDENTITY = "iPhone Developer";
				COPY_PHASE_STRIP = NO;
				DEBUG_INFORMATION_FORMAT = "dwarf-with-dsym";
				ENABLE_NS_ASSERTIONS = NO;
				ENABLE_STRICT_OBJC_MSGSEND = YES;
				GCC_C_LANGUAGE_STANDARD = gnu11;
				GCC_NO_COMMON_BLOCKS = YES;
				GCC_WARN_64_TO_32_BIT_CONVERSION = YES;
				GCC_WARN_ABOUT_RETURN_TYPE = YES_ERROR;
				GCC_WARN_UNDECLARED_SELECTOR = YES;
				GCC_WARN_UNINITIALIZED_AUTOS = YES_AGGRESSIVE;
				GCC_WARN_UNUSED_FUNCTION = YES;
				GCC_WARN_UNUSED_VARIABLE = YES;
				IPHONEOS_DEPLOYMENT_TARGET = 12.4;
				MTL_ENABLE_DEBUG_INFO = NO;
				MTL_FAST_MATH = YES;
				SDKROOT = iphoneos;
				SWIFT_COMPILATION_MODE = wholemodule;
				SWIFT_OPTIMIZATION_LEVEL = "-O";
				VALIDATE_PRODUCT = YES;
			};
			name = Release;
		};
		BDEBED692327DAAC00C7B016 /* Debug */ = {
			isa = XCBuildConfiguration;
			buildSettings = {
				ASSETCATALOG_COMPILER_APPICON_NAME = AppIcon;
				CODE_SIGN_STYLE = Automatic;
				DEVELOPMENT_TEAM = CPW849W344;
				INFOPLIST_FILE = splitter/Info.plist;
				LD_RUNPATH_SEARCH_PATHS = (
					"$(inherited)",
					"@executable_path/Frameworks",
				);
				PRODUCT_BUNDLE_IDENTIFIER = app.nahid.splitter;
				PRODUCT_NAME = "$(TARGET_NAME)";
				SWIFT_VERSION = 5.0;
				TARGETED_DEVICE_FAMILY = "1,2";
			};
			name = Debug;
		};
		BDEBED6A2327DAAC00C7B016 /* Release */ = {
			isa = XCBuildConfiguration;
			buildSettings = {
				ASSETCATALOG_COMPILER_APPICON_NAME = AppIcon;
				CODE_SIGN_STYLE = Automatic;
				DEVELOPMENT_TEAM = CPW849W344;
				INFOPLIST_FILE = splitter/Info.plist;
				LD_RUNPATH_SEARCH_PATHS = (
					"$(inherited)",
					"@executable_path/Frameworks",
				);
				PRODUCT_BUNDLE_IDENTIFIER = app.nahid.splitter;
				PRODUCT_NAME = "$(TARGET_NAME)";
				SWIFT_VERSION = 5.0;
				TARGETED_DEVICE_FAMILY = "1,2";
			};
			name = Release;
		};
/* End XCBuildConfiguration section */

/* Begin XCConfigurationList section */
		BDEBED4F2327DAAA00C7B016 /* Build configuration list for PBXProject "splitter" */ = {
			isa = XCConfigurationList;
			buildConfigurations = (
				BDEBED662327DAAC00C7B016 /* Debug */,
				BDEBED672327DAAC00C7B016 /* Release */,
			);
			defaultConfigurationIsVisible = 0;
			defaultConfigurationName = Release;
		};
		BDEBED682327DAAC00C7B016 /* Build configuration list for PBXNativeTarget "splitter" */ = {
			isa = XCConfigurationList;
			buildConfigurations = (
				BDEBED692327DAAC00C7B016 /* Debug */,
				BDEBED6A2327DAAC00C7B016 /* Release */,
			);
			defaultConfigurationIsVisible = 0;
			defaultConfigurationName = Release;
		};
/* End XCConfigurationList section */
	};
	rootObject = BDEBED4C2327DAAA00C7B016 /* Project object */;
}
